
Microsoft Visual Studio Solution File, Format Version 12.00
# Visual Studio Version 16
VisualStudioVersion = 16.0.30907.101
MinimumVisualStudioVersion = 10.0.40219.1
Project("{FAE04EC0-301F-11D3-BF4B-00C04F79EFBC}") = "MatchThreeGame", "MatchThreeGame\MatchThreeGame.csproj", "{BC3BA3AA-3970-47F9-81C2-926375C26BB2}"
EndProject
Global
	GlobalSection(SolutionConfigurationPlatforms) = preSolution
		Debug|Any CPU = Debug|Any CPU
		Release|Any CPU = Release|Any CPU
	EndGlobalSection
	GlobalSection(ProjectConfigurationPlatforms) = postSolution
		{BC3BA3AA-3970-47F9-81C2-926375C26BB2}.Debug|Any CPU.ActiveCfg = Debug|Any CPU
		{BC3BA3AA-3970-47F9-81C2-926375C26BB2}.Debug|Any CPU.Build.0 = Debug|Any CPU
		{BC3BA3AA-3970-47F9-81C2-926375C26BB2}.Release|Any CPU.ActiveCfg = Release|Any CPU
		{BC3BA3AA-3970-47F9-81C2-926375C26BB2}.Release|Any CPU.Build.0 = Release|Any CPU
	EndGlobalSection
	GlobalSection(SolutionProperties) = preSolution
		HideSolutionNode = FALSE
	EndGlobalSection
	GlobalSection(ExtensibilityGlobals) = postSolution
		SolutionGuid = {D1970474-9E6B-4FFE-8013-F42B8164155E}
	EndGlobalSection
EndGlobal
